{
  "name": "porter",
  "lockfileVersion": 3,
  "requires": true,
  "packages": {
    "": {
      "devDependencies": {
        "@porter-dev/api-contracts": "^0.2.145"
      }
    },
    "node_modules/@bufbuild/protobuf": {
      "version": "1.8.0",
      "resolved": "https://registry.npmjs.org/@bufbuild/protobuf/-/protobuf-1.8.0.tgz",
      "integrity": "sha512-qR9FwI8QKIveDnUYutvfzbC21UZJJryYrLuZGjeZ/VGz+vXelUkK+xgkOHsvPEdYEdxtgUUq4313N8QtOehJ1Q==",
      "dev": true
    },
    "node_modules/@porter-dev/api-contracts": {
      "version": "0.2.145",
      "resolved": "https://registry.npmjs.org/@porter-dev/api-contracts/-/api-contracts-0.2.145.tgz",
      "integrity": "sha512-gGyX9yp7amfDTHRJjBAnWPGRE3eaROGqITEog5U2kZrE1ZpIOM7GrbPkKnYzo6l+d2b1gtUlVLQmNqW0AIV9tQ==",
      "dev": true,
      "dependencies": {
        "@bufbuild/protobuf": "^1.1.0"
      }
    }
  }
}
