{
  "requires": true,
  "lockfileVersion": 1,
  "dependencies": {
    "@types/random-words": {
      "version": "1.1.0",
      "resolved": "https://registry.npmjs.org/@types/random-words/-/random-words-1.1.0.tgz",
      "integrity": "sha512-YZqkHIAGoXv6mlyEOwluhMjF9aotH2m9HrCCR+PNtES/ED00u5u4W7X1lWxc5AaFRKdKx+5orWTFW7iyGrZpOQ=="
    }
  }
}
